# This file is automatically @generated by Cargo.
# It is not intended for manual editing.
version = 4

[[package]]
name = "iter-index"
version = "0.1.1"
source = "registry+https://github.com/rust-lang/crates.io-index"
checksum = "0cf0ae38911bcace7db2635fa7031be1488f71a6f08868f4c9701e9b1be5d132"

[[package]]
name = "lexigram"
version = "0.1.0"
dependencies = [
 "iter-index",
 "vectree",
]

[[package]]
name = "vectree"
version = "0.1.4"
source = "registry+https://github.com/rust-lang/crates.io-index"
checksum = "0ffffdad8e1a84b2b435954a44476fc3c8356d67fe82fb2dc383991c02f87584"
