# This file is automatically @generated by Cargo.
# It is not intended for manual editing.
version = 4

[[package]]
name = "gram"
version = "0.1.0"
dependencies = [
 "iter-index",
 "lexi",
 "lexigram",
 "vectree",
]

[[package]]
name = "iter-index"
version = "0.1.1"
source = "registry+https://github.com/rust-lang/crates.io-index"
checksum = "0cf0ae38911bcace7db2635fa7031be1488f71a6f08868f4c9701e9b1be5d132"

[[package]]
name = "lexi"
version = "0.1.0"
dependencies = [
 "iter-index",
 "lexigram",
 "vectree",
]

[[package]]
name = "lexigram"
version = "0.2.0"
dependencies = [
 "iter-index",
 "vectree",
]

[[package]]
name = "make-gram"
version = "0.1.0"
dependencies = [
 "lexi",
 "lexigram",
]

[[package]]
name = "make-lexi"
version = "0.1.0"
dependencies = [
 "lexi",
 "lexigram",
]

[[package]]
name = "vectree"
version = "0.1.5"
source = "registry+https://github.com/rust-lang/crates.io-index"
checksum = "44d60346ad85dc497fb9654759960ca5636f6cb9e35f49a6a045456ea17908ca"
